
Microsoft Visual Studio Solution File, Format Version 12.00
# Visual Studio Version 17
VisualStudioVersion = 17.3.32901.215
MinimumVisualStudioVersion = 10.0.40219.1
Project("{FAE04EC0-301F-11D3-BF4B-00C04F79EFBC}") = "addressLab02", "addressLab02.csproj", "{171CD7DA-0525-4965-B73F-AF65BBFE246D}"
EndProject
Global
	GlobalSection(SolutionConfigurationPlatforms) = preSolution
		Debug|Any CPU = Debug|Any CPU
		Release|Any CPU = Release|Any CPU
	EndGlobalSection
	GlobalSection(ProjectConfigurationPlatforms) = postSolution
		{171CD7DA-0525-4965-B73F-AF65BBFE246D}.Debug|Any CPU.ActiveCfg = Debug|Any CPU
		{171CD7DA-0525-4965-B73F-AF65BBFE246D}.Debug|Any CPU.Build.0 = Debug|Any CPU
		{171CD7DA-0525-4965-B73F-AF65BBFE246D}.Release|Any CPU.ActiveCfg = Release|Any CPU
		{171CD7DA-0525-4965-B73F-AF65BBFE246D}.Release|Any CPU.Build.0 = Release|Any CPU
	EndGlobalSection
	GlobalSection(SolutionProperties) = preSolution
		HideSolutionNode = FALSE
	EndGlobalSection
	GlobalSection(ExtensibilityGlobals) = postSolution
		SolutionGuid = {56D2AE36-E5B7-4F51-9A8B-BBDECF9BB3D1}
	EndGlobalSection
EndGlobal
